
Microsoft Visual Studio Solution File, Format Version 12.00
# Visual Studio Version 17
VisualStudioVersion = 17.0.32112.339
MinimumVisualStudioVersion = 10.0.40219.1
Project("{9A19103F-16F7-4668-BE54-9A1E7A4F7556}") = "Plan2Day", "Plan2Day\Plan2Day.csproj", "{F7795CFD-38EF-4E55-89B9-BA3BAA5CCC12}"
EndProject
Project("{9A19103F-16F7-4668-BE54-9A1E7A4F7556}") = "Plan2Day.Core", "Plan2Day.Core\Plan2Day.Core.csproj", "{A1F694ED-BADC-4F38-97E7-33954BB7CDA5}"
EndProject
Project("{9A19103F-16F7-4668-BE54-9A1E7A4F7556}") = "Plan2Day.Infrastructure", "Plan2Day.Infrastructure\Plan2Day.Infrastructure.csproj", "{F7819096-471D-4D03-8252-A1E7BE217C63}"
EndProject
Project("{FAE04EC0-301F-11D3-BF4B-00C04F79EFBC}") = "Plan2DayTest", "Plan2DayTest\Plan2DayTest.csproj", "{0BE172F2-4AA6-4266-9FEB-89432ACBEA75}"
EndProject
Global
	GlobalSection(SolutionConfigurationPlatforms) = preSolution
		Debug|Any CPU = Debug|Any CPU
		Release|Any CPU = Release|Any CPU
	EndGlobalSection
	GlobalSection(ProjectConfigurationPlatforms) = postSolution
		{F7795CFD-38EF-4E55-89B9-BA3BAA5CCC12}.Debug|Any CPU.ActiveCfg = Debug|Any CPU
		{F7795CFD-38EF-4E55-89B9-BA3BAA5CCC12}.Debug|Any CPU.Build.0 = Debug|Any CPU
		{F7795CFD-38EF-4E55-89B9-BA3BAA5CCC12}.Release|Any CPU.ActiveCfg = Release|Any CPU
		{F7795CFD-38EF-4E55-89B9-BA3BAA5CCC12}.Release|Any CPU.Build.0 = Release|Any CPU
		{A1F694ED-BADC-4F38-97E7-33954BB7CDA5}.Debug|Any CPU.ActiveCfg = Debug|Any CPU
		{A1F694ED-BADC-4F38-97E7-33954BB7CDA5}.Debug|Any CPU.Build.0 = Debug|Any CPU
		{A1F694ED-BADC-4F38-97E7-33954BB7CDA5}.Release|Any CPU.ActiveCfg = Release|Any CPU
		{A1F694ED-BADC-4F38-97E7-33954BB7CDA5}.Release|Any CPU.Build.0 = Release|Any CPU
		{F7819096-471D-4D03-8252-A1E7BE217C63}.Debug|Any CPU.ActiveCfg = Debug|Any CPU
		{F7819096-471D-4D03-8252-A1E7BE217C63}.Debug|Any CPU.Build.0 = Debug|Any CPU
		{F7819096-471D-4D03-8252-A1E7BE217C63}.Release|Any CPU.ActiveCfg = Release|Any CPU
		{F7819096-471D-4D03-8252-A1E7BE217C63}.Release|Any CPU.Build.0 = Release|Any CPU
		{0BE172F2-4AA6-4266-9FEB-89432ACBEA75}.Debug|Any CPU.ActiveCfg = Debug|Any CPU
		{0BE172F2-4AA6-4266-9FEB-89432ACBEA75}.Debug|Any CPU.Build.0 = Debug|Any CPU
		{0BE172F2-4AA6-4266-9FEB-89432ACBEA75}.Release|Any CPU.ActiveCfg = Release|Any CPU
		{0BE172F2-4AA6-4266-9FEB-89432ACBEA75}.Release|Any CPU.Build.0 = Release|Any CPU
	EndGlobalSection
	GlobalSection(SolutionProperties) = preSolution
		HideSolutionNode = FALSE
	EndGlobalSection
	GlobalSection(ExtensibilityGlobals) = postSolution
		SolutionGuid = {EE37E5B8-4991-4BCA-B4FB-C0BED5F6EF4D}
	EndGlobalSection
EndGlobal
